
Microsoft Visual Studio Solution File, Format Version 12.00
# Visual Studio 2013
VisualStudioVersion = 12.0.31101.0
MinimumVisualStudioVersion = 10.0.40219.1
Project("{FAE04EC0-301F-11D3-BF4B-00C04F79EFBC}") = "API", "API\API.csproj", "{7E04FC66-A16A-48C5-8517-E33DAA3FA403}"
EndProject
Project("{FAE04EC0-301F-11D3-BF4B-00C04F79EFBC}") = "EixoX", "..\..\Jetfuel-CSharp\EixoX\EixoX.csproj", "{0A418683-14D0-433F-BA4D-C4919C8069A7}"
EndProject
Global
	GlobalSection(SolutionConfigurationPlatforms) = preSolution
		Debug|Any CPU = Debug|Any CPU
		Release|Any CPU = Release|Any CPU
	EndGlobalSection
	GlobalSection(ProjectConfigurationPlatforms) = postSolution
		{7E04FC66-A16A-48C5-8517-E33DAA3FA403}.Debug|Any CPU.ActiveCfg = Debug|Any CPU
		{7E04FC66-A16A-48C5-8517-E33DAA3FA403}.Debug|Any CPU.Build.0 = Debug|Any CPU
		{7E04FC66-A16A-48C5-8517-E33DAA3FA403}.Release|Any CPU.ActiveCfg = Release|Any CPU
		{7E04FC66-A16A-48C5-8517-E33DAA3FA403}.Release|Any CPU.Build.0 = Release|Any CPU
		{0A418683-14D0-433F-BA4D-C4919C8069A7}.Debug|Any CPU.ActiveCfg = Debug|Any CPU
		{0A418683-14D0-433F-BA4D-C4919C8069A7}.Debug|Any CPU.Build.0 = Debug|Any CPU
		{0A418683-14D0-433F-BA4D-C4919C8069A7}.Release|Any CPU.ActiveCfg = Release|Any CPU
		{0A418683-14D0-433F-BA4D-C4919C8069A7}.Release|Any CPU.Build.0 = Release|Any CPU
	EndGlobalSection
	GlobalSection(SolutionProperties) = preSolution
		HideSolutionNode = FALSE
	EndGlobalSection
EndGlobal
